
Microsoft Visual Studio Solution File, Format Version 12.00
# Visual Studio Version 17
VisualStudioVersion = 17.10.34916.146
MinimumVisualStudioVersion = 10.0.40219.1
Project("{FAE04EC0-301F-11D3-BF4B-00C04F79EFBC}") = "LearnBlazor", "LearnBlazor\LearnBlazor.csproj", "{3082CB0A-0C27-45AA-985F-65C17EEEBB34}"
EndProject
Global
	GlobalSection(SolutionConfigurationPlatforms) = preSolution
		Debug|Any CPU = Debug|Any CPU
		Release|Any CPU = Release|Any CPU
	EndGlobalSection
	GlobalSection(ProjectConfigurationPlatforms) = postSolution
		{3082CB0A-0C27-45AA-985F-65C17EEEBB34}.Debug|Any CPU.ActiveCfg = Debug|Any CPU
		{3082CB0A-0C27-45AA-985F-65C17EEEBB34}.Debug|Any CPU.Build.0 = Debug|Any CPU
		{3082CB0A-0C27-45AA-985F-65C17EEEBB34}.Release|Any CPU.ActiveCfg = Release|Any CPU
		{3082CB0A-0C27-45AA-985F-65C17EEEBB34}.Release|Any CPU.Build.0 = Release|Any CPU
	EndGlobalSection
	GlobalSection(SolutionProperties) = preSolution
		HideSolutionNode = FALSE
	EndGlobalSection
	GlobalSection(ExtensibilityGlobals) = postSolution
		SolutionGuid = {D318FD00-EA5C-4277-9926-8DF0A8D6D15F}
	EndGlobalSection
EndGlobal
